PODS:
  - AFNetworking (1.3.1)
  - libwebp (0.3.0-rc7):
    - libwebp/dec
    - libwebp/dsp
    - libwebp/utils
    - libwebp/webp
  - libwebp/dec (0.3.0-rc7)
  - libwebp/dsp (0.3.0-rc7)
  - libwebp/utils (0.3.0-rc7)
  - libwebp/webp (0.3.0-rc7)
  - SDWebImage (3.3):
    - libwebp
    - SDWebImage/MapKit
  - SDWebImage/MapKit (3.3):
    - libwebp
  - UIActivityIndicator-for-SDWebImage (1.0.0):
    - SDWebImage (~> 3.2)

DEPENDENCIES:
  - AFNetworking (= 1.3.1)
  - SDWebImage (from `/Users/michaelg/Workspaces/sandbox/SDWebImage`)
  - UIActivityIndicator-for-SDWebImage

EXTERNAL SOURCES:
  SDWebImage:
    :path: /Users/michaelg/Workspaces/sandbox/SDWebImage

SPEC CHECKSUMS:
  AFNetworking: 9ec8aafb9269236a7630bd8d9838ce2ba30fa2a0
  libwebp: 40517fa1fd3716eded73b4696c45fc0b66e4b414
  SDWebImage: 79a8bac9ccf85b269100b294f7b43684dab8bf8a
  UIActivityIndicator-for-SDWebImage: c5e8f6208e302b94bc50505dd24c78f34af8a749

COCOAPODS: 0.22.3
